// !$*UTF8*$!
{
	archiveVersion = 1;
	classes = {
	};
	objectVersion = 46;
	objects = {

/* Begin PBXBuildFile section */
		29112E951D034E020094568F /* AppDelegate.swift in Sources */ = {isa = PBXBuildFile; fileRef = 29112E941D034E020094568F /* AppDelegate.swift */; };
		29112E971D034E020094568F /* MainViewController.swift in Sources */ = {isa = PBXBuildFile; fileRef = 29112E961D034E020094568F /* MainViewController.swift */; };
		29112E9A1D034E020094568F /* Main.storyboard in Resources */ = {isa = PBXBuildFile; fileRef = 29112E981D034E020094568F /* Main.storyboard */; };
		29112E9C1D034E020094568F /* Assets.xcassets in Resources */ = {isa = PBXBuildFile; fileRef = 29112E9B1D034E020094568F /* Assets.xcassets */; };
		29112E9F1D034E020094568F /* LaunchScreen.storyboard in Resources */ = {isa = PBXBuildFile; fileRef = 29112E9D1D034E020094568F /* LaunchScreen.storyboard */; };
		29112EB71D034E790094568F /* FlickToDismissViewController.swift in Sources */ = {isa = PBXBuildFile; fileRef = 29112EB61D034E790094568F /* FlickToDismissViewController.swift */; };
/* End PBXBuildFile section */

/* Begin PBXFileReference section */
		29112E911D034E020094568F /* Example.app */ = {isa = PBXFileReference; explicitFileType = wrapper.application; includeInIndex = 0; path = Example.app; sourceTree = BUILT_PRODUCTS_DIR; };
		29112E941D034E020094568F /* AppDelegate.swift */ = {isa = PBXFileReference; lastKnownFileType = sourcecode.swift; path = AppDelegate.swift; sourceTree = "<group>"; };
		29112E961D034E020094568F /* MainViewController.swift */ = {isa = PBXFileReference; lastKnownFileType = sourcecode.swift; path = MainViewController.swift; sourceTree = "<group>"; };
		29112E991D034E020094568F /* Base */ = {isa = PBXFileReference; lastKnownFileType = file.storyboard; name = Base; path = Base.lproj/Main.storyboard; sourceTree = "<group>"; };
		29112E9B1D034E020094568F /* Assets.xcassets */ = {isa = PBXFileReference; lastKnownFileType = folder.assetcatalog; path = Assets.xcassets; sourceTree = "<group>"; };
		29112E9E1D034E020094568F /* Base */ = {isa = PBXFileReference; lastKnownFileType = file.storyboard; name = Base; path = Base.lproj/LaunchScreen.storyboard; sourceTree = "<group>"; };
		29112EA01D034E020094568F /* Info.plist */ = {isa = PBXFileReference; lastKnownFileType = text.plist.xml; path = Info.plist; sourceTree = "<group>"; };
		29112EB61D034E790094568F /* FlickToDismissViewController.swift */ = {isa = PBXFileReference; fileEncoding = 4; lastKnownFileType = sourcecode.swift; path = FlickToDismissViewController.swift; sourceTree = "<group>"; };
/* End PBXFileReference section */

/* Begin PBXFrameworksBuildPhase section */
		29112E8E1D034E020094568F /* Frameworks */ = {
			isa = PBXFrameworksBuildPhase;
			buildActionMask = 2147483647;
			files = (
			);
			runOnlyForDeploymentPostprocessing = 0;
		};
/* End PBXFrameworksBuildPhase section */

/* Begin PBXGroup section */
		29112E881D034E020094568F = {
			isa = PBXGroup;
			children = (
				29112EB41D034E420094568F /* Source */,
				29112E931D034E020094568F /* Example */,
				29112E921D034E020094568F /* Products */,
			);
			sourceTree = "<group>";
		};
		29112E921D034E020094568F /* Products */ = {
			isa = PBXGroup;
			children = (
				29112E911D034E020094568F /* Example.app */,
			);
			name = Products;
			sourceTree = "<group>";
		};
		29112E931D034E020094568F /* Example */ = {
			isa = PBXGroup;
			children = (
				29112E941D034E020094568F /* AppDelegate.swift */,
				29112EB81D034F040094568F /* Controllers */,
				29112EB91D034F0C0094568F /* Storyboards */,
				29112E9B1D034E020094568F /* Assets.xcassets */,
				29112EA01D034E020094568F /* Info.plist */,
			);
			path = Example;
			sourceTree = "<group>";
		};
		29112EB41D034E420094568F /* Source */ = {
			isa = PBXGroup;
			children = (
				29112EB61D034E790094568F /* FlickToDismissViewController.swift */,
			);
			path = Source;
			sourceTree = "<group>";
		};
		29112EB81D034F040094568F /* Controllers */ = {
			isa = PBXGroup;
			children = (
				29112E961D034E020094568F /* MainViewController.swift */,
			);
			name = Controllers;
			sourceTree = "<group>";
		};
		29112EB91D034F0C0094568F /* Storyboards */ = {
			isa = PBXGroup;
			children = (
				29112E9D1D034E020094568F /* LaunchScreen.storyboard */,
				29112E981D034E020094568F /* Main.storyboard */,
			);
			name = Storyboards;
			sourceTree = "<group>";
		};
/* End PBXGroup section */

/* Begin PBXNativeTarget section */
		29112E901D034E020094568F /* Example */ = {
			isa = PBXNativeTarget;
			buildConfigurationList = 29112EAE1D034E020094568F /* Build configuration list for PBXNativeTarget "Example" */;
			buildPhases = (
				29112E8D1D034E020094568F /* Sources */,
				29112E8E1D034E020094568F /* Frameworks */,
				29112E8F1D034E020094568F /* Resources */,
			);
			buildRules = (
			);
			dependencies = (
			);
			name = Example;
			productName = Example;
			productReference = 29112E911D034E020094568F /* Example.app */;
			productType = "com.apple.product-type.application";
		};
/* End PBXNativeTarget section */

/* Begin PBXProject section */
		29112E891D034E020094568F /* Project object */ = {
			isa = PBXProject;
			attributes = {
				LastSwiftUpdateCheck = 0730;
				LastUpgradeCheck = 0730;
				ORGANIZATIONNAME = "Jake Lawson";
				TargetAttributes = {
					29112E901D034E020094568F = {
						CreatedOnToolsVersion = 7.3.1;
					};
				};
			};
			buildConfigurationList = 29112E8C1D034E020094568F /* Build configuration list for PBXProject "Example" */;
			compatibilityVersion = "Xcode 3.2";
			developmentRegion = English;
			hasScannedForEncodings = 0;
			knownRegions = (
				en,
				Base,
			);
			mainGroup = 29112E881D034E020094568F;
			productRefGroup = 29112E921D034E020094568F /* Products */;
			projectDirPath = "";
			projectRoot = "";
			targets = (
				29112E901D034E020094568F /* Example */,
			);
		};
/* End PBXProject section */

/* Begin PBXResourcesBuildPhase section */
		29112E8F1D034E020094568F /* Resources */ = {
			isa = PBXResourcesBuildPhase;
			buildActionMask = 2147483647;
			files = (
				29112E9F1D034E020094568F /* LaunchScreen.storyboard in Resources */,
				29112E9C1D034E020094568F /* Assets.xcassets in Resources */,
				29112E9A1D034E020094568F /* Main.storyboard in Resources */,
			);
			runOnlyForDeploymentPostprocessing = 0;
		};
/* End PBXResourcesBuildPhase section */

/* Begin PBXSourcesBuildPhase section */
		29112E8D1D034E020094568F /* Sources */ = {
			isa = PBXSourcesBuildPhase;
			buildActionMask = 2147483647;
			files = (
				29112E971D034E020094568F /* MainViewController.swift in Sources */,
				29112EB71D034E790094568F /* FlickToDismissViewController.swift in Sources */,
				29112E951D034E020094568F /* AppDelegate.swift in Sources */,
			);
			runOnlyForDeploymentPostprocessing = 0;
		};
/* End PBXSourcesBuildPhase section */

/* Begin PBXVariantGroup section */
		29112E981D034E020094568F /* Main.storyboard */ = {
			isa = PBXVariantGroup;
			children = (
				29112E991D034E020094568F /* Base */,
			);
			name = Main.storyboard;
			sourceTree = "<group>";
		};
		29112E9D1D034E020094568F /* LaunchScreen.storyboard */ = {
			isa = PBXVariantGroup;
			children = (
				29112E9E1D034E020094568F /* Base */,
			);
			name = LaunchScreen.storyboard;
			sourceTree = "<group>";
		};
/* End PBXVariantGroup section */

/* Begin XCBuildConfiguration section */
		29112EAC1D034E020094568F /* Debug */ = {
			isa = XCBuildConfiguration;
			buildSettings = {
				ALWAYS_SEARCH_USER_PATHS = NO;
				CLANG_ANALYZER_NONNULL = YES;
				CLANG_CXX_LANGUAGE_STANDARD = "gnu++0x";
				CLANG_CXX_LIBRARY = "libc++";
				CLANG_ENABLE_MODULES = YES;
				CLANG_ENABLE_OBJC_ARC = YES;
				CLANG_WARN_BOOL_CONVERSION = YES;
				CLANG_WARN_CONSTANT_CONVERSION = YES;
				CLANG_WARN_DIRECT_OBJC_ISA_USAGE = YES_ERROR;
				CLANG_WARN_EMPTY_BODY = YES;
				CLANG_WARN_ENUM_CONVERSION = YES;
				CLANG_WARN_INT_CONVERSION = YES;
				CLANG_WARN_OBJC_ROOT_CLASS = YES_ERROR;
				CLANG_WARN_UNREACHABLE_CODE = YES;
				CLANG_WARN__DUPLICATE_METHOD_MATCH = YES;
				"CODE_SIGN_IDENTITY[sdk=iphoneos*]" = "iPhone Developer";
				COPY_PHASE_STRIP = NO;
				DEBUG_INFORMATION_FORMAT = dwarf;
				ENABLE_STRICT_OBJC_MSGSEND = YES;
				ENABLE_TESTABILITY = YES;
				GCC_C_LANGUAGE_STANDARD = gnu99;
				GCC_DYNAMIC_NO_PIC = NO;
				GCC_NO_COMMON_BLOCKS = YES;
				GCC_OPTIMIZATION_LEVEL = 0;
				GCC_PREPROCESSOR_DEFINITIONS = (
					"DEBUG=1",
					"$(inherited)",
				);
				GCC_WARN_64_TO_32_BIT_CONVERSION = YES;
				GCC_WARN_ABOUT_RETURN_TYPE = YES_ERROR;
				GCC_WARN_UNDECLARED_SELECTOR = YES;
				GCC_WARN_UNINITIALIZED_AUTOS = YES_AGGRESSIVE;
				GCC_WARN_UNUSED_FUNCTION = YES;
				GCC_WARN_UNUSED_VARIABLE = YES;
				IPHONEOS_DEPLOYMENT_TARGET = 9.3;
				MTL_ENABLE_DEBUG_INFO = YES;
				ONLY_ACTIVE_ARCH = YES;
				SDKROOT = iphoneos;
				SWIFT_OPTIMIZATION_LEVEL = "-Onone";
				TARGETED_DEVICE_FAMILY = "1,2";
			};
			name = Debug;
		};
		29112EAD1D034E020094568F /* Release */ = {
			isa = XCBuildConfiguration;
			buildSettings = {
				ALWAYS_SEARCH_USER_PATHS = NO;
				CLANG_ANALYZER_NONNULL = YES;
				CLANG_CXX_LANGUAGE_STANDARD = "gnu++0x";
				CLANG_CXX_LIBRARY = "libc++";
				CLANG_ENABLE_MODULES = YES;
				CLANG_ENABLE_OBJC_ARC = YES;
				CLANG_WARN_BOOL_CONVERSION = YES;
				CLANG_WARN_CONSTANT_CONVERSION = YES;
				CLANG_WARN_DIRECT_OBJC_ISA_USAGE = YES_ERROR;
				CLANG_WARN_EMPTY_BODY = YES;
				CLANG_WARN_ENUM_CONVERSION = YES;
				CLANG_WARN_INT_CONVERSION = YES;
				CLANG_WARN_OBJC_ROOT_CLASS = YES_ERROR;
				CLANG_WARN_UNREACHABLE_CODE = YES;
				CLANG_WARN__DUPLICATE_METHOD_MATCH = YES;
				"CODE_SIGN_IDENTITY[sdk=iphoneos*]" = "iPhone Developer";
				COPY_PHASE_STRIP = NO;
				DEBUG_INFORMATION_FORMAT = "dwarf-with-dsym";
				ENABLE_NS_ASSERTIONS = NO;
				ENABLE_STRICT_OBJC_MSGSEND = YES;
				GCC_C_LANGUAGE_STANDARD = gnu99;
				GCC_NO_COMMON_BLOCKS = YES;
				GCC_WARN_64_TO_32_BIT_CONVERSION = YES;
				GCC_WARN_ABOUT_RETURN_TYPE = YES_ERROR;
				GCC_WARN_UNDECLARED_SELECTOR = YES;
				GCC_WARN_UNINITIALIZED_AUTOS = YES_AGGRESSIVE;
				GCC_WARN_UNUSED_FUNCTION = YES;
				GCC_WARN_UNUSED_VARIABLE = YES;
				IPHONEOS_DEPLOYMENT_TARGET = 9.3;
				MTL_ENABLE_DEBUG_INFO = NO;
				SDKROOT = iphoneos;
				TARGETED_DEVICE_FAMILY = "1,2";
				VALIDATE_PRODUCT = YES;
			};
			name = Release;
		};
		29112EAF1D034E020094568F /* Debug */ = {
			isa = XCBuildConfiguration;
			buildSettings = {
				ASSETCATALOG_COMPILER_APPICON_NAME = AppIcon;
				INFOPLIST_FILE = Example/Info.plist;
				LD_RUNPATH_SEARCH_PATHS = "$(inherited) @executable_path/Frameworks";
				PRODUCT_BUNDLE_IDENTIFIER = com.jakelawson.Example;
				PRODUCT_NAME = "$(TARGET_NAME)";
			};
			name = Debug;
		};
		29112EB01D034E020094568F /* Release */ = {
			isa = XCBuildConfiguration;
			buildSettings = {
				ASSETCATALOG_COMPILER_APPICON_NAME = AppIcon;
				INFOPLIST_FILE = Example/Info.plist;
				LD_RUNPATH_SEARCH_PATHS = "$(inherited) @executable_path/Frameworks";
				PRODUCT_BUNDLE_IDENTIFIER = com.jakelawson.Example;
				PRODUCT_NAME = "$(TARGET_NAME)";
			};
			name = Release;
		};
/* End XCBuildConfiguration section */

/* Begin XCConfigurationList section */
		29112E8C1D034E020094568F /* Build configuration list for PBXProject "Example" */ = {
			isa = XCConfigurationList;
			buildConfigurations = (
				29112EAC1D034E020094568F /* Debug */,
				29112EAD1D034E020094568F /* Release */,
			);
			defaultConfigurationIsVisible = 0;
			defaultConfigurationName = Release;
		};
		29112EAE1D034E020094568F /* Build configuration list for PBXNativeTarget "Example" */ = {
			isa = XCConfigurationList;
			buildConfigurations = (
				29112EAF1D034E020094568F /* Debug */,
				29112EB01D034E020094568F /* Release */,
			);
			defaultConfigurationIsVisible = 0;
			defaultConfigurationName = Release;
		};
/* End XCConfigurationList section */
	};
	rootObject = 29112E891D034E020094568F /* Project object */;
}
